{
    "requires": true,
    "lockfileVersion": 1,
    "dependencies": {
        "lottie-web": {
            "version": "5.12.1",
            "resolved": "https://registry.npmjs.org/lottie-web/-/lottie-web-5.12.1.tgz",
            "integrity": "sha512-J5LgeexlmrrzRwe1q4qwQIwJmjih62vatDUPtxquaYVfjvSt/PfNfanhlfSrvdGPr4/nxJ8+uBKlS359Jq4F6w=="
        }
    }
}
